
Microsoft Visual Studio Solution File, Format Version 12.00
# Visual Studio Version 17
VisualStudioVersion = 17.4.33213.308
MinimumVisualStudioVersion = 10.0.40219.1
Project("{FAE04EC0-301F-11D3-BF4B-00C04F79EFBC}") = "Collection", "Collection\Collection.csproj", "{E7016F53-48B5-403A-83E5-67B83C7A8AB7}"
EndProject
Project("{FAE04EC0-301F-11D3-BF4B-00C04F79EFBC}") = "Collection.UnitTests", "Collection.UnitTests\Collection.UnitTests.csproj", "{31125E44-E13F-48FB-9F6C-EB4745C23FF9}"
EndProject
Global
	GlobalSection(SolutionConfigurationPlatforms) = preSolution
		Debug|Any CPU = Debug|Any CPU
		Release|Any CPU = Release|Any CPU
	EndGlobalSection
	GlobalSection(ProjectConfigurationPlatforms) = postSolution
		{E7016F53-48B5-403A-83E5-67B83C7A8AB7}.Debug|Any CPU.ActiveCfg = Debug|Any CPU
		{E7016F53-48B5-403A-83E5-67B83C7A8AB7}.Debug|Any CPU.Build.0 = Debug|Any CPU
		{E7016F53-48B5-403A-83E5-67B83C7A8AB7}.Release|Any CPU.ActiveCfg = Release|Any CPU
		{E7016F53-48B5-403A-83E5-67B83C7A8AB7}.Release|Any CPU.Build.0 = Release|Any CPU
		{31125E44-E13F-48FB-9F6C-EB4745C23FF9}.Debug|Any CPU.ActiveCfg = Debug|Any CPU
		{31125E44-E13F-48FB-9F6C-EB4745C23FF9}.Debug|Any CPU.Build.0 = Debug|Any CPU
		{31125E44-E13F-48FB-9F6C-EB4745C23FF9}.Release|Any CPU.ActiveCfg = Release|Any CPU
		{31125E44-E13F-48FB-9F6C-EB4745C23FF9}.Release|Any CPU.Build.0 = Release|Any CPU
	EndGlobalSection
	GlobalSection(SolutionProperties) = preSolution
		HideSolutionNode = FALSE
	EndGlobalSection
	GlobalSection(ExtensibilityGlobals) = postSolution
		SolutionGuid = {FB7CDAF6-356F-414F-839A-6C35DDEF4C64}
	EndGlobalSection
EndGlobal
